// !$*UTF8*$!
{
	archiveVersion = 1;
	classes = {
	};
	objectVersion = 56;
	objects = {

/* Begin PBXBuildFile section */
		F43D616C2AFBF4F8004DFBF5 /* FetchAppApp.swift in Sources */ = {isa = PBXBuildFile; fileRef = F43D616B2AFBF4F8004DFBF5 /* FetchAppApp.swift */; };
		F43D616E2AFBF4F8004DFBF5 /* ContentView.swift in Sources */ = {isa = PBXBuildFile; fileRef = F43D616D2AFBF4F8004DFBF5 /* ContentView.swift */; };
		F43D61702AFBF4F9004DFBF5 /* Assets.xcassets in Resources */ = {isa = PBXBuildFile; fileRef = F43D616F2AFBF4F9004DFBF5 /* Assets.xcassets */; };
		F43D61742AFBF4F9004DFBF5 /* Preview Assets.xcassets in Resources */ = {isa = PBXBuildFile; fileRef = F43D61732AFBF4F9004DFBF5 /* Preview Assets.xcassets */; };
		F43D617B2AFBFCEE004DFBF5 /* Dessert.swift in Sources */ = {isa = PBXBuildFile; fileRef = F43D617A2AFBFCEE004DFBF5 /* Dessert.swift */; };
		F43D617F2AFBFF7E004DFBF5 /* ApiService.swift in Sources */ = {isa = PBXBuildFile; fileRef = F43D617E2AFBFF7E004DFBF5 /* ApiService.swift */; };
		F43D61832AFC0124004DFBF5 /* DessertViewModel.swift in Sources */ = {isa = PBXBuildFile; fileRef = F43D61822AFC0124004DFBF5 /* DessertViewModel.swift */; };
		F43D61872AFC762E004DFBF5 /* DessertDetailView.swift in Sources */ = {isa = PBXBuildFile; fileRef = F43D61862AFC762E004DFBF5 /* DessertDetailView.swift */; };
		F43D61892AFD9ACE004DFBF5 /* DessertDetail.swift in Sources */ = {isa = PBXBuildFile; fileRef = F43D61882AFD9ACE004DFBF5 /* DessertDetail.swift */; };
		F43D618B2AFD9B6A004DFBF5 /* DessertDetailViewModel.swift in Sources */ = {isa = PBXBuildFile; fileRef = F43D618A2AFD9B6A004DFBF5 /* DessertDetailViewModel.swift */; };
/* End PBXBuildFile section */

/* Begin PBXFileReference section */
		F43D61682AFBF4F8004DFBF5 /* FetchApp.app */ = {isa = PBXFileReference; explicitFileType = wrapper.application; includeInIndex = 0; path = FetchApp.app; sourceTree = BUILT_PRODUCTS_DIR; };
		F43D616B2AFBF4F8004DFBF5 /* FetchAppApp.swift */ = {isa = PBXFileReference; lastKnownFileType = sourcecode.swift; path = FetchAppApp.swift; sourceTree = "<group>"; };
		F43D616D2AFBF4F8004DFBF5 /* ContentView.swift */ = {isa = PBXFileReference; lastKnownFileType = sourcecode.swift; path = ContentView.swift; sourceTree = "<group>"; };
		F43D616F2AFBF4F9004DFBF5 /* Assets.xcassets */ = {isa = PBXFileReference; lastKnownFileType = folder.assetcatalog; path = Assets.xcassets; sourceTree = "<group>"; };
		F43D61712AFBF4F9004DFBF5 /* FetchApp.entitlements */ = {isa = PBXFileReference; lastKnownFileType = text.plist.entitlements; path = FetchApp.entitlements; sourceTree = "<group>"; };
		F43D61732AFBF4F9004DFBF5 /* Preview Assets.xcassets */ = {isa = PBXFileReference; lastKnownFileType = folder.assetcatalog; path = "Preview Assets.xcassets"; sourceTree = "<group>"; };
		F43D617A2AFBFCEE004DFBF5 /* Dessert.swift */ = {isa = PBXFileReference; lastKnownFileType = sourcecode.swift; path = Dessert.swift; sourceTree = "<group>"; };
		F43D617E2AFBFF7E004DFBF5 /* ApiService.swift */ = {isa = PBXFileReference; lastKnownFileType = sourcecode.swift; path = ApiService.swift; sourceTree = "<group>"; };
		F43D61822AFC0124004DFBF5 /* DessertViewModel.swift */ = {isa = PBXFileReference; lastKnownFileType = sourcecode.swift; path = DessertViewModel.swift; sourceTree = "<group>"; };
		F43D61862AFC762E004DFBF5 /* DessertDetailView.swift */ = {isa = PBXFileReference; lastKnownFileType = sourcecode.swift; path = DessertDetailView.swift; sourceTree = "<group>"; };
		F43D61882AFD9ACE004DFBF5 /* DessertDetail.swift */ = {isa = PBXFileReference; lastKnownFileType = sourcecode.swift; path = DessertDetail.swift; sourceTree = "<group>"; };
		F43D618A2AFD9B6A004DFBF5 /* DessertDetailViewModel.swift */ = {isa = PBXFileReference; lastKnownFileType = sourcecode.swift; path = DessertDetailViewModel.swift; sourceTree = "<group>"; };
/* End PBXFileReference section */

/* Begin PBXFrameworksBuildPhase section */
		F43D61652AFBF4F8004DFBF5 /* Frameworks */ = {
			isa = PBXFrameworksBuildPhase;
			buildActionMask = 2147483647;
			files = (
			);
			runOnlyForDeploymentPostprocessing = 0;
		};
/* End PBXFrameworksBuildPhase section */

/* Begin PBXGroup section */
		F43D615F2AFBF4F8004DFBF5 = {
			isa = PBXGroup;
			children = (
				F43D616A2AFBF4F8004DFBF5 /* FetchApp */,
				F43D61692AFBF4F8004DFBF5 /* Products */,
			);
			sourceTree = "<group>";
		};
		F43D61692AFBF4F8004DFBF5 /* Products */ = {
			isa = PBXGroup;
			children = (
				F43D61682AFBF4F8004DFBF5 /* FetchApp.app */,
			);
			name = Products;
			sourceTree = "<group>";
		};
		F43D616A2AFBF4F8004DFBF5 /* FetchApp */ = {
			isa = PBXGroup;
			children = (
				F43D61812AFC00DD004DFBF5 /* Views */,
				F43D61802AFC00C9004DFBF5 /* ViewModel */,
				F43D617D2AFBFF4A004DFBF5 /* Network */,
				F43D617C2AFBFCF6004DFBF5 /* Model */,
				F43D616B2AFBF4F8004DFBF5 /* FetchAppApp.swift */,
				F43D616F2AFBF4F9004DFBF5 /* Assets.xcassets */,
				F43D61712AFBF4F9004DFBF5 /* FetchApp.entitlements */,
				F43D61722AFBF4F9004DFBF5 /* Preview Content */,
			);
			path = FetchApp;
			sourceTree = "<group>";
		};
		F43D61722AFBF4F9004DFBF5 /* Preview Content */ = {
			isa = PBXGroup;
			children = (
				F43D61732AFBF4F9004DFBF5 /* Preview Assets.xcassets */,
			);
			path = "Preview Content";
			sourceTree = "<group>";
		};
		F43D617C2AFBFCF6004DFBF5 /* Model */ = {
			isa = PBXGroup;
			children = (
				F43D617A2AFBFCEE004DFBF5 /* Dessert.swift */,
				F43D61882AFD9ACE004DFBF5 /* DessertDetail.swift */,
			);
			path = Model;
			sourceTree = "<group>";
		};
		F43D617D2AFBFF4A004DFBF5 /* Network */ = {
			isa = PBXGroup;
			children = (
				F43D617E2AFBFF7E004DFBF5 /* ApiService.swift */,
			);
			path = Network;
			sourceTree = "<group>";
		};
		F43D61802AFC00C9004DFBF5 /* ViewModel */ = {
			isa = PBXGroup;
			children = (
				F43D61822AFC0124004DFBF5 /* DessertViewModel.swift */,
				F43D618A2AFD9B6A004DFBF5 /* DessertDetailViewModel.swift */,
			);
			path = ViewModel;
			sourceTree = "<group>";
		};
		F43D61812AFC00DD004DFBF5 /* Views */ = {
			isa = PBXGroup;
			children = (
				F43D616D2AFBF4F8004DFBF5 /* ContentView.swift */,
				F43D61862AFC762E004DFBF5 /* DessertDetailView.swift */,
			);
			path = Views;
			sourceTree = "<group>";
		};
/* End PBXGroup section */

/* Begin PBXNativeTarget section */
		F43D61672AFBF4F8004DFBF5 /* FetchApp */ = {
			isa = PBXNativeTarget;
			buildConfigurationList = F43D61772AFBF4F9004DFBF5 /* Build configuration list for PBXNativeTarget "FetchApp" */;
			buildPhases = (
				F43D61642AFBF4F8004DFBF5 /* Sources */,
				F43D61652AFBF4F8004DFBF5 /* Frameworks */,
				F43D61662AFBF4F8004DFBF5 /* Resources */,
			);
			buildRules = (
			);
			dependencies = (
			);
			name = FetchApp;
			productName = FetchApp;
			productReference = F43D61682AFBF4F8004DFBF5 /* FetchApp.app */;
			productType = "com.apple.product-type.application";
		};
/* End PBXNativeTarget section */

/* Begin PBXProject section */
		F43D61602AFBF4F8004DFBF5 /* Project object */ = {
			isa = PBXProject;
			attributes = {
				BuildIndependentTargetsInParallel = 1;
				LastSwiftUpdateCheck = 1500;
				LastUpgradeCheck = 1500;
				TargetAttributes = {
					F43D61672AFBF4F8004DFBF5 = {
						CreatedOnToolsVersion = 15.0.1;
					};
				};
			};
			buildConfigurationList = F43D61632AFBF4F8004DFBF5 /* Build configuration list for PBXProject "FetchApp" */;
			compatibilityVersion = "Xcode 14.0";
			developmentRegion = en;
			hasScannedForEncodings = 0;
			knownRegions = (
				en,
				Base,
			);
			mainGroup = F43D615F2AFBF4F8004DFBF5;
			productRefGroup = F43D61692AFBF4F8004DFBF5 /* Products */;
			projectDirPath = "";
			projectRoot = "";
			targets = (
				F43D61672AFBF4F8004DFBF5 /* FetchApp */,
			);
		};
/* End PBXProject section */

/* Begin PBXResourcesBuildPhase section */
		F43D61662AFBF4F8004DFBF5 /* Resources */ = {
			isa = PBXResourcesBuildPhase;
			buildActionMask = 2147483647;
			files = (
				F43D61742AFBF4F9004DFBF5 /* Preview Assets.xcassets in Resources */,
				F43D61702AFBF4F9004DFBF5 /* Assets.xcassets in Resources */,
			);
			runOnlyForDeploymentPostprocessing = 0;
		};
/* End PBXResourcesBuildPhase section */

/* Begin PBXSourcesBuildPhase section */
		F43D61642AFBF4F8004DFBF5 /* Sources */ = {
			isa = PBXSourcesBuildPhase;
			buildActionMask = 2147483647;
			files = (
				F43D618B2AFD9B6A004DFBF5 /* DessertDetailViewModel.swift in Sources */,
				F43D616E2AFBF4F8004DFBF5 /* ContentView.swift in Sources */,
				F43D61832AFC0124004DFBF5 /* DessertViewModel.swift in Sources */,
				F43D617B2AFBFCEE004DFBF5 /* Dessert.swift in Sources */,
				F43D61872AFC762E004DFBF5 /* DessertDetailView.swift in Sources */,
				F43D617F2AFBFF7E004DFBF5 /* ApiService.swift in Sources */,
				F43D61892AFD9ACE004DFBF5 /* DessertDetail.swift in Sources */,
				F43D616C2AFBF4F8004DFBF5 /* FetchAppApp.swift in Sources */,
			);
			runOnlyForDeploymentPostprocessing = 0;
		};
/* End PBXSourcesBuildPhase section */

/* Begin XCBuildConfiguration section */
		F43D61752AFBF4F9004DFBF5 /* Debug */ = {
			isa = XCBuildConfiguration;
			buildSettings = {
				ALWAYS_SEARCH_USER_PATHS = NO;
				ASSETCATALOG_COMPILER_GENERATE_SWIFT_ASSET_SYMBOL_EXTENSIONS = YES;
				CLANG_ANALYZER_NONNULL = YES;
				CLANG_ANALYZER_NUMBER_OBJECT_CONVERSION = YES_AGGRESSIVE;
				CLANG_CXX_LANGUAGE_STANDARD = "gnu++20";
				CLANG_ENABLE_MODULES = YES;
				CLANG_ENABLE_OBJC_ARC = YES;
				CLANG_ENABLE_OBJC_WEAK = YES;
				CLANG_WARN_BLOCK_CAPTURE_AUTORELEASING = YES;
				CLANG_WARN_BOOL_CONVERSION = YES;
				CLANG_WARN_COMMA = YES;
				CLANG_WARN_CONSTANT_CONVERSION = YES;
				CLANG_WARN_DEPRECATED_OBJC_IMPLEMENTATIONS = YES;
				CLANG_WARN_DIRECT_OBJC_ISA_USAGE = YES_ERROR;
				CLANG_WARN_DOCUMENTATION_COMMENTS = YES;
				CLANG_WARN_EMPTY_BODY = YES;
				CLANG_WARN_ENUM_CONVERSION = YES;
				CLANG_WARN_INFINITE_RECURSION = YES;
				CLANG_WARN_INT_CONVERSION = YES;
				CLANG_WARN_NON_LITERAL_NULL_CONVERSION = YES;
				CLANG_WARN_OBJC_IMPLICIT_RETAIN_SELF = YES;
				CLANG_WARN_OBJC_LITERAL_CONVERSION = YES;
				CLANG_WARN_OBJC_ROOT_CLASS = YES_ERROR;
				CLANG_WARN_QUOTED_INCLUDE_IN_FRAMEWORK_HEADER = YES;
				CLANG_WARN_RANGE_LOOP_ANALYSIS = YES;
				CLANG_WARN_STRICT_PROTOTYPES = YES;
				CLANG_WARN_SUSPICIOUS_MOVE = YES;
				CLANG_WARN_UNGUARDED_AVAILABILITY = YES_AGGRESSIVE;
				CLANG_WARN_UNREACHABLE_CODE = YES;
				CLANG_WARN__DUPLICATE_METHOD_MATCH = YES;
				COPY_PHASE_STRIP = NO;
				DEBUG_INFORMATION_FORMAT = dwarf;
				ENABLE_STRICT_OBJC_MSGSEND = YES;
				ENABLE_TESTABILITY = YES;
				ENABLE_USER_SCRIPT_SANDBOXING = YES;
				GCC_C_LANGUAGE_STANDARD = gnu17;
				GCC_DYNAMIC_NO_PIC = NO;
				GCC_NO_COMMON_BLOCKS = YES;
				GCC_OPTIMIZATION_LEVEL = 0;
				GCC_PREPROCESSOR_DEFINITIONS = (
					"DEBUG=1",
					"$(inherited)",
				);
				GCC_WARN_64_TO_32_BIT_CONVERSION = YES;
				GCC_WARN_ABOUT_RETURN_TYPE = YES_ERROR;
				GCC_WARN_UNDECLARED_SELECTOR = YES;
				GCC_WARN_UNINITIALIZED_AUTOS = YES_AGGRESSIVE;
				GCC_WARN_UNUSED_FUNCTION = YES;
				GCC_WARN_UNUSED_VARIABLE = YES;
				LOCALIZATION_PREFERS_STRING_CATALOGS = YES;
				MTL_ENABLE_DEBUG_INFO = INCLUDE_SOURCE;
				MTL_FAST_MATH = YES;
				ONLY_ACTIVE_ARCH = YES;
				SWIFT_ACTIVE_COMPILATION_CONDITIONS = "DEBUG $(inherited)";
				SWIFT_OPTIMIZATION_LEVEL = "-Onone";
			};
			name = Debug;
		};
		F43D61762AFBF4F9004DFBF5 /* Release */ = {
			isa = XCBuildConfiguration;
			buildSettings = {
				ALWAYS_SEARCH_USER_PATHS = NO;
				ASSETCATALOG_COMPILER_GENERATE_SWIFT_ASSET_SYMBOL_EXTENSIONS = YES;
				CLANG_ANALYZER_NONNULL = YES;
				CLANG_ANALYZER_NUMBER_OBJECT_CONVERSION = YES_AGGRESSIVE;
				CLANG_CXX_LANGUAGE_STANDARD = "gnu++20";
				CLANG_ENABLE_MODULES = YES;
				CLANG_ENABLE_OBJC_ARC = YES;
				CLANG_ENABLE_OBJC_WEAK = YES;
				CLANG_WARN_BLOCK_CAPTURE_AUTORELEASING = YES;
				CLANG_WARN_BOOL_CONVERSION = YES;
				CLANG_WARN_COMMA = YES;
				CLANG_WARN_CONSTANT_CONVERSION = YES;
				CLANG_WARN_DEPRECATED_OBJC_IMPLEMENTATIONS = YES;
				CLANG_WARN_DIRECT_OBJC_ISA_USAGE = YES_ERROR;
				CLANG_WARN_DOCUMENTATION_COMMENTS = YES;
				CLANG_WARN_EMPTY_BODY = YES;
				CLANG_WARN_ENUM_CONVERSION = YES;
				CLANG_WARN_INFINITE_RECURSION = YES;
				CLANG_WARN_INT_CONVERSION = YES;
				CLANG_WARN_NON_LITERAL_NULL_CONVERSION = YES;
				CLANG_WARN_OBJC_IMPLICIT_RETAIN_SELF = YES;
				CLANG_WARN_OBJC_LITERAL_CONVERSION = YES;
				CLANG_WARN_OBJC_ROOT_CLASS = YES_ERROR;
				CLANG_WARN_QUOTED_INCLUDE_IN_FRAMEWORK_HEADER = YES;
				CLANG_WARN_RANGE_LOOP_ANALYSIS = YES;
				CLANG_WARN_STRICT_PROTOTYPES = YES;
				CLANG_WARN_SUSPICIOUS_MOVE = YES;
				CLANG_WARN_UNGUARDED_AVAILABILITY = YES_AGGRESSIVE;
				CLANG_WARN_UNREACHABLE_CODE = YES;
				CLANG_WARN__DUPLICATE_METHOD_MATCH = YES;
				COPY_PHASE_STRIP = NO;
				DEBUG_INFORMATION_FORMAT = "dwarf-with-dsym";
				ENABLE_NS_ASSERTIONS = NO;
				ENABLE_STRICT_OBJC_MSGSEND = YES;
				ENABLE_USER_SCRIPT_SANDBOXING = YES;
				GCC_C_LANGUAGE_STANDARD = gnu17;
				GCC_NO_COMMON_BLOCKS = YES;
				GCC_WARN_64_TO_32_BIT_CONVERSION = YES;
				GCC_WARN_ABOUT_RETURN_TYPE = YES_ERROR;
				GCC_WARN_UNDECLARED_SELECTOR = YES;
				GCC_WARN_UNINITIALIZED_AUTOS = YES_AGGRESSIVE;
				GCC_WARN_UNUSED_FUNCTION = YES;
				GCC_WARN_UNUSED_VARIABLE = YES;
				LOCALIZATION_PREFERS_STRING_CATALOGS = YES;
				MTL_ENABLE_DEBUG_INFO = NO;
				MTL_FAST_MATH = YES;
				SWIFT_COMPILATION_MODE = wholemodule;
			};
			name = Release;
		};
		F43D61782AFBF4F9004DFBF5 /* Debug */ = {
			isa = XCBuildConfiguration;
			buildSettings = {
				ASSETCATALOG_COMPILER_APPICON_NAME = AppIcon;
				ASSETCATALOG_COMPILER_GLOBAL_ACCENT_COLOR_NAME = AccentColor;
				CODE_SIGN_ENTITLEMENTS = FetchApp/FetchApp.entitlements;
				CODE_SIGN_STYLE = Automatic;
				CURRENT_PROJECT_VERSION = 1;
				DEVELOPMENT_ASSET_PATHS = "\"FetchApp/Preview Content\"";
				ENABLE_PREVIEWS = YES;
				GENERATE_INFOPLIST_FILE = YES;
				"INFOPLIST_KEY_UIApplicationSceneManifest_Generation[sdk=iphoneos*]" = YES;
				"INFOPLIST_KEY_UIApplicationSceneManifest_Generation[sdk=iphonesimulator*]" = YES;
				"INFOPLIST_KEY_UIApplicationSupportsIndirectInputEvents[sdk=iphoneos*]" = YES;
				"INFOPLIST_KEY_UIApplicationSupportsIndirectInputEvents[sdk=iphonesimulator*]" = YES;
				"INFOPLIST_KEY_UILaunchScreen_Generation[sdk=iphoneos*]" = YES;
				"INFOPLIST_KEY_UILaunchScreen_Generation[sdk=iphonesimulator*]" = YES;
				"INFOPLIST_KEY_UIStatusBarStyle[sdk=iphoneos*]" = UIStatusBarStyleDefault;
				"INFOPLIST_KEY_UIStatusBarStyle[sdk=iphonesimulator*]" = UIStatusBarStyleDefault;
				INFOPLIST_KEY_UISupportedInterfaceOrientations_iPad = "UIInterfaceOrientationPortrait UIInterfaceOrientationPortraitUpsideDown UIInterfaceOrientationLandscapeLeft UIInterfaceOrientationLandscapeRight";
				INFOPLIST_KEY_UISupportedInterfaceOrientations_iPhone = "UIInterfaceOrientationPortrait UIInterfaceOrientationLandscapeLeft UIInterfaceOrientationLandscapeRight";
				IPHONEOS_DEPLOYMENT_TARGET = 17.0;
				LD_RUNPATH_SEARCH_PATHS = "@executable_path/Frameworks";
				"LD_RUNPATH_SEARCH_PATHS[sdk=macosx*]" = "@executable_path/../Frameworks";
				MACOSX_DEPLOYMENT_TARGET = 13.5;
				MARKETING_VERSION = 1.0;
				PRODUCT_BUNDLE_IDENTIFIER = com.dev.FetchApp;
				PRODUCT_NAME = "$(TARGET_NAME)";
				SDKROOT = auto;
				SUPPORTED_PLATFORMS = "iphoneos iphonesimulator macosx";
				SWIFT_EMIT_LOC_STRINGS = YES;
				SWIFT_VERSION = 5.0;
				TARGETED_DEVICE_FAMILY = "1,2";
			};
			name = Debug;
		};
		F43D61792AFBF4F9004DFBF5 /* Release */ = {
			isa = XCBuildConfiguration;
			buildSettings = {
				ASSETCATALOG_COMPILER_APPICON_NAME = AppIcon;
				ASSETCATALOG_COMPILER_GLOBAL_ACCENT_COLOR_NAME = AccentColor;
				CODE_SIGN_ENTITLEMENTS = FetchApp/FetchApp.entitlements;
				CODE_SIGN_STYLE = Automatic;
				CURRENT_PROJECT_VERSION = 1;
				DEVELOPMENT_ASSET_PATHS = "\"FetchApp/Preview Content\"";
				ENABLE_PREVIEWS = YES;
				GENERATE_INFOPLIST_FILE = YES;
				"INFOPLIST_KEY_UIApplicationSceneManifest_Generation[sdk=iphoneos*]" = YES;
				"INFOPLIST_KEY_UIApplicationSceneManifest_Generation[sdk=iphonesimulator*]" = YES;
				"INFOPLIST_KEY_UIApplicationSupportsIndirectInputEvents[sdk=iphoneos*]" = YES;
				"INFOPLIST_KEY_UIApplicationSupportsIndirectInputEvents[sdk=iphonesimulator*]" = YES;
				"INFOPLIST_KEY_UILaunchScreen_Generation[sdk=iphoneos*]" = YES;
				"INFOPLIST_KEY_UILaunchScreen_Generation[sdk=iphonesimulator*]" = YES;
				"INFOPLIST_KEY_UIStatusBarStyle[sdk=iphoneos*]" = UIStatusBarStyleDefault;
				"INFOPLIST_KEY_UIStatusBarStyle[sdk=iphonesimulator*]" = UIStatusBarStyleDefault;
				INFOPLIST_KEY_UISupportedInterfaceOrientations_iPad = "UIInterfaceOrientationPortrait UIInterfaceOrientationPortraitUpsideDown UIInterfaceOrientationLandscapeLeft UIInterfaceOrientationLandscapeRight";
				INFOPLIST_KEY_UISupportedInterfaceOrientations_iPhone = "UIInterfaceOrientationPortrait UIInterfaceOrientationLandscapeLeft UIInterfaceOrientationLandscapeRight";
				IPHONEOS_DEPLOYMENT_TARGET = 17.0;
				LD_RUNPATH_SEARCH_PATHS = "@executable_path/Frameworks";
				"LD_RUNPATH_SEARCH_PATHS[sdk=macosx*]" = "@executable_path/../Frameworks";
				MACOSX_DEPLOYMENT_TARGET = 13.5;
				MARKETING_VERSION = 1.0;
				PRODUCT_BUNDLE_IDENTIFIER = com.dev.FetchApp;
				PRODUCT_NAME = "$(TARGET_NAME)";
				SDKROOT = auto;
				SUPPORTED_PLATFORMS = "iphoneos iphonesimulator macosx";
				SWIFT_EMIT_LOC_STRINGS = YES;
				SWIFT_VERSION = 5.0;
				TARGETED_DEVICE_FAMILY = "1,2";
			};
			name = Release;
		};
/* End XCBuildConfiguration section */

/* Begin XCConfigurationList section */
		F43D61632AFBF4F8004DFBF5 /* Build configuration list for PBXProject "FetchApp" */ = {
			isa = XCConfigurationList;
			buildConfigurations = (
				F43D61752AFBF4F9004DFBF5 /* Debug */,
				F43D61762AFBF4F9004DFBF5 /* Release */,
			);
			defaultConfigurationIsVisible = 0;
			defaultConfigurationName = Release;
		};
		F43D61772AFBF4F9004DFBF5 /* Build configuration list for PBXNativeTarget "FetchApp" */ = {
			isa = XCConfigurationList;
			buildConfigurations = (
				F43D61782AFBF4F9004DFBF5 /* Debug */,
				F43D61792AFBF4F9004DFBF5 /* Release */,
			);
			defaultConfigurationIsVisible = 0;
			defaultConfigurationName = Release;
		};
/* End XCConfigurationList section */
	};
	rootObject = F43D61602AFBF4F8004DFBF5 /* Project object */;
}
